{
  "name": "telegram-videochat-companion-bot",
  "version": "0.1.0",
  "lockfileVersion": 3,
  "requires": true,
  "packages": {
    "": {
      "name": "telegram-videochat-companion-bot",
      "version": "0.1.0",
      "workspaces": [
        "bot",
        "core",
        "web"
      ]
    },
    "bot": {
      "name": "telegram-videochat-bot",
      "version": "0.1.0",
      "dependencies": {
        "@videochat-bot/core": "file:../core"
      }
    },
    "core": {
      "name": "@videochat-bot/core",
      "version": "0.1.0"
    },
    "node_modules/@videochat-bot/core": {
      "resolved": "core",
      "link": true
    },
    "node_modules/telegram-videochat-bot": {
      "resolved": "bot",
      "link": true
    },
    "node_modules/telegram-videochat-web": {
      "resolved": "web",
      "link": true
    },
    "web": {
      "name": "telegram-videochat-web",
      "version": "0.1.0"
    }
  }
}
